
Microsoft Visual Studio Solution File, Format Version 12.00
# Visual Studio Version 17
VisualStudioVersion = 17.14.36414.22 d17.14
MinimumVisualStudioVersion = 10.0.40219.1
Project("{FAE04EC0-301F-11D3-BF4B-00C04F79EFBC}") = "Laboratory", "Laboratory\Laboratory.csproj", "{655777DE-CFD6-43E0-85E6-0CA8ACC66877}"
EndProject
Global
	GlobalSection(SolutionConfigurationPlatforms) = preSolution
		Debug|Any CPU = Debug|Any CPU
		Release|Any CPU = Release|Any CPU
	EndGlobalSection
	GlobalSection(ProjectConfigurationPlatforms) = postSolution
		{655777DE-CFD6-43E0-85E6-0CA8ACC66877}.Debug|Any CPU.ActiveCfg = Debug|Any CPU
		{655777DE-CFD6-43E0-85E6-0CA8ACC66877}.Debug|Any CPU.Build.0 = Debug|Any CPU
		{655777DE-CFD6-43E0-85E6-0CA8ACC66877}.Release|Any CPU.ActiveCfg = Release|Any CPU
		{655777DE-CFD6-43E0-85E6-0CA8ACC66877}.Release|Any CPU.Build.0 = Release|Any CPU
	EndGlobalSection
	GlobalSection(SolutionProperties) = preSolution
		HideSolutionNode = FALSE
	EndGlobalSection
	GlobalSection(ExtensibilityGlobals) = postSolution
		SolutionGuid = {08999480-DBCB-4902-A182-74670178FB13}
	EndGlobalSection
EndGlobal
